
Microsoft Visual Studio Solution File, Format Version 12.00
Project("{F2A71F9B-5D33-465A-A702-920D77279786}") = "Unicorn", "Unicorn\Unicorn.fsproj", "{2811CBFA-DA5C-4B32-98A7-867503FE26E7}"
EndProject
Project("{F2A71F9B-5D33-465A-A702-920D77279786}") = "Unicorn.Tests", "Unicorn.Tests\Unicorn.Tests.fsproj", "{FB97AC9A-DC2E-4BE6-9A57-AED1B387273E}"
EndProject
Global
	GlobalSection(SolutionConfigurationPlatforms) = preSolution
		Debug|Any CPU = Debug|Any CPU
		Release|Any CPU = Release|Any CPU
	EndGlobalSection
	GlobalSection(ProjectConfigurationPlatforms) = postSolution
		{2811CBFA-DA5C-4B32-98A7-867503FE26E7}.Debug|Any CPU.ActiveCfg = Debug|Any CPU
		{2811CBFA-DA5C-4B32-98A7-867503FE26E7}.Debug|Any CPU.Build.0 = Debug|Any CPU
		{2811CBFA-DA5C-4B32-98A7-867503FE26E7}.Release|Any CPU.ActiveCfg = Release|Any CPU
		{2811CBFA-DA5C-4B32-98A7-867503FE26E7}.Release|Any CPU.Build.0 = Release|Any CPU
		{FB97AC9A-DC2E-4BE6-9A57-AED1B387273E}.Debug|Any CPU.ActiveCfg = Debug|Any CPU
		{FB97AC9A-DC2E-4BE6-9A57-AED1B387273E}.Debug|Any CPU.Build.0 = Debug|Any CPU
		{FB97AC9A-DC2E-4BE6-9A57-AED1B387273E}.Release|Any CPU.ActiveCfg = Release|Any CPU
		{FB97AC9A-DC2E-4BE6-9A57-AED1B387273E}.Release|Any CPU.Build.0 = Release|Any CPU
	EndGlobalSection
EndGlobal
